Microsoft Visual Studio Solution File, Format Version 12.00
# Visual Studio Version 17
VisualStudioVersion = 17.8.0.0
MinimumVisualStudioVersion = 17.8.0.0
Project("{9A19103F-16F7-4668-BE54-9A1E7A4F7556}") = "AspireIngress.AppHost", "AspireIngress.AppHost\AspireIngress.AppHost.csproj", "{348B04E0-CCFD-4BA1-B09C-63EBB84B590E}"
EndProject
Project("{9A19103F-16F7-4668-BE54-9A1E7A4F7556}") = "AspireIngress.ServiceDefaults", "AspireIngress.ServiceDefaults\AspireIngress.ServiceDefaults.csproj", "{B7B9399E-CA1B-41B9-868D-BA95379DAA4A}"
EndProject
Project("{FAE04EC0-301F-11D3-BF4B-00C04F79EFBC}") = "AspireIngress.API", "AspireIngress.API\AspireIngress.API.csproj", "{881C8C46-5A57-416A-9353-607907DBBAAD}"
EndProject
Project("{FAE04EC0-301F-11D3-BF4B-00C04F79EFBC}") = "AspireIngress.Web", "AspireIngress.Web\AspireIngress.Web.csproj", "{7B60D1EF-0B05-467C-AEBF-ECD879A2D232}"
EndProject
Project("{FAE04EC0-301F-11D3-BF4B-00C04F79EFBC}") = "AspireIngress.Resources", "AspireIngress.Resources\AspireIngress.Resources.csproj", "{554A8AAB-FC09-4E8B-8B56-BC821FFF0190}"
EndProject
Global
	GlobalSection(SolutionConfigurationPlatforms) = preSolution
		Debug|Any CPU = Debug|Any CPU
		Release|Any CPU = Release|Any CPU
	EndGlobalSection
	GlobalSection(ProjectConfigurationPlatforms) = postSolution
		{348B04E0-CCFD-4BA1-B09C-63EBB84B590E}.Debug|Any CPU.ActiveCfg = Debug|Any CPU
		{348B04E0-CCFD-4BA1-B09C-63EBB84B590E}.Debug|Any CPU.Build.0 = Debug|Any CPU
		{348B04E0-CCFD-4BA1-B09C-63EBB84B590E}.Release|Any CPU.ActiveCfg = Release|Any CPU
		{348B04E0-CCFD-4BA1-B09C-63EBB84B590E}.Release|Any CPU.Build.0 = Release|Any CPU
		{B7B9399E-CA1B-41B9-868D-BA95379DAA4A}.Debug|Any CPU.ActiveCfg = Debug|Any CPU
		{B7B9399E-CA1B-41B9-868D-BA95379DAA4A}.Debug|Any CPU.Build.0 = Debug|Any CPU
		{B7B9399E-CA1B-41B9-868D-BA95379DAA4A}.Release|Any CPU.ActiveCfg = Release|Any CPU
		{B7B9399E-CA1B-41B9-868D-BA95379DAA4A}.Release|Any CPU.Build.0 = Release|Any CPU
		{881C8C46-5A57-416A-9353-607907DBBAAD}.Debug|Any CPU.ActiveCfg = Debug|Any CPU
		{881C8C46-5A57-416A-9353-607907DBBAAD}.Debug|Any CPU.Build.0 = Debug|Any CPU
		{881C8C46-5A57-416A-9353-607907DBBAAD}.Release|Any CPU.ActiveCfg = Release|Any CPU
		{881C8C46-5A57-416A-9353-607907DBBAAD}.Release|Any CPU.Build.0 = Release|Any CPU
		{7B60D1EF-0B05-467C-AEBF-ECD879A2D232}.Debug|Any CPU.ActiveCfg = Debug|Any CPU
		{7B60D1EF-0B05-467C-AEBF-ECD879A2D232}.Debug|Any CPU.Build.0 = Debug|Any CPU
		{7B60D1EF-0B05-467C-AEBF-ECD879A2D232}.Release|Any CPU.ActiveCfg = Release|Any CPU
		{7B60D1EF-0B05-467C-AEBF-ECD879A2D232}.Release|Any CPU.Build.0 = Release|Any CPU
		{554A8AAB-FC09-4E8B-8B56-BC821FFF0190}.Debug|Any CPU.ActiveCfg = Debug|Any CPU
		{554A8AAB-FC09-4E8B-8B56-BC821FFF0190}.Debug|Any CPU.Build.0 = Debug|Any CPU
		{554A8AAB-FC09-4E8B-8B56-BC821FFF0190}.Release|Any CPU.ActiveCfg = Release|Any CPU
		{554A8AAB-FC09-4E8B-8B56-BC821FFF0190}.Release|Any CPU.Build.0 = Release|Any CPU
	EndGlobalSection
	GlobalSection(SolutionProperties) = preSolution
		HideSolutionNode = FALSE
	EndGlobalSection
	GlobalSection(ExtensibilityGlobals) = postSolution
		SolutionGuid = {33CBBB9D-B854-45E2-85ED-5D817306DFB9}
	EndGlobalSection
EndGlobal
